
Microsoft Visual Studio Solution File, Format Version 11.00
# Visual Studio 2010
Project("{F2A71F9B-5D33-465A-A702-920D77279786}") = "FERL.NET", "src\FERL.NET\FERL.NET.fsproj", "{573BC5ED-7A7B-4535-8C45-07B3573E1DFB}"
EndProject
Project("{F2A71F9B-5D33-465A-A702-920D77279786}") = "FERL.NET.Tests", "tests\FERL.NET.Tests\FERL.NET.Tests.fsproj", "{6C3BB68D-8F4B-4C92-B997-89B0E0983607}"
EndProject
Project("{2150E333-8FDC-42A3-9474-1A3956D46DE8}") = "Solution Items", "Solution Items", "{115FC4E9-C17D-4EC9-A9BF-45A02C15E81F}"
	ProjectSection(SolutionItems) = preProject
		readme.txt = readme.txt
	EndProjectSection
EndProject
Global
	GlobalSection(SolutionConfigurationPlatforms) = preSolution
		Debug|Any CPU = Debug|Any CPU
		Release|Any CPU = Release|Any CPU
	EndGlobalSection
	GlobalSection(ProjectConfigurationPlatforms) = postSolution
		{573BC5ED-7A7B-4535-8C45-07B3573E1DFB}.Debug|Any CPU.ActiveCfg = Debug|Any CPU
		{573BC5ED-7A7B-4535-8C45-07B3573E1DFB}.Debug|Any CPU.Build.0 = Debug|Any CPU
		{573BC5ED-7A7B-4535-8C45-07B3573E1DFB}.Release|Any CPU.ActiveCfg = Release|Any CPU
		{573BC5ED-7A7B-4535-8C45-07B3573E1DFB}.Release|Any CPU.Build.0 = Release|Any CPU
		{6C3BB68D-8F4B-4C92-B997-89B0E0983607}.Debug|Any CPU.ActiveCfg = Debug|Any CPU
		{6C3BB68D-8F4B-4C92-B997-89B0E0983607}.Debug|Any CPU.Build.0 = Debug|Any CPU
		{6C3BB68D-8F4B-4C92-B997-89B0E0983607}.Release|Any CPU.ActiveCfg = Release|Any CPU
		{6C3BB68D-8F4B-4C92-B997-89B0E0983607}.Release|Any CPU.Build.0 = Release|Any CPU
	EndGlobalSection
	GlobalSection(SolutionProperties) = preSolution
		HideSolutionNode = FALSE
	EndGlobalSection
EndGlobal
